// !$*UTF8*$!
{
	archiveVersion = 1;
	classes = {
	};
	objectVersion = 50;
	objects = {

/* Begin PBXBuildFile section */
		137A2CD32529F26E00E8E1CA /* AppDelegate.swift in Sources */ = {isa = PBXBuildFile; fileRef = 137A2CD22529F26E00E8E1CA /* AppDelegate.swift */; };
		137A2CD52529F26E00E8E1CA /* SceneDelegate.swift in Sources */ = {isa = PBXBuildFile; fileRef = 137A2CD42529F26E00E8E1CA /* SceneDelegate.swift */; };
		137A2CD72529F26E00E8E1CA /* ViewController.swift in Sources */ = {isa = PBXBuildFile; fileRef = 137A2CD62529F26E00E8E1CA /* ViewController.swift */; };
		137A2CDA2529F26E00E8E1CA /* Main.storyboard in Resources */ = {isa = PBXBuildFile; fileRef = 137A2CD82529F26E00E8E1CA /* Main.storyboard */; };
		137A2CDC2529F27C00E8E1CA /* Assets.xcassets in Resources */ = {isa = PBXBuildFile; fileRef = 137A2CDB2529F27C00E8E1CA /* Assets.xcassets */; };
		137A2CDF2529F27C00E8E1CA /* LaunchScreen.storyboard in Resources */ = {isa = PBXBuildFile; fileRef = 137A2CDD2529F27C00E8E1CA /* LaunchScreen.storyboard */; };
		137A2CEA2529F27C00E8E1CA /* howyoudewin_frontTests.swift in Sources */ = {isa = PBXBuildFile; fileRef = 137A2CE92529F27C00E8E1CA /* howyoudewin_frontTests.swift */; };
		137A2CF52529F27C00E8E1CA /* howyoudewin_frontUITests.swift in Sources */ = {isa = PBXBuildFile; fileRef = 137A2CF42529F27C00E8E1CA /* howyoudewin_frontUITests.swift */; };
/* End PBXBuildFile section */

/* Begin PBXContainerItemProxy section */
		137A2CE62529F27C00E8E1CA /* PBXContainerItemProxy */ = {
			isa = PBXContainerItemProxy;
			containerPortal = 137A2CC72529F26E00E8E1CA /* Project object */;
			proxyType = 1;
			remoteGlobalIDString = 137A2CCE2529F26E00E8E1CA;
			remoteInfo = "howyoudewin-front";
		};
		137A2CF12529F27C00E8E1CA /* PBXContainerItemProxy */ = {
			isa = PBXContainerItemProxy;
			containerPortal = 137A2CC72529F26E00E8E1CA /* Project object */;
			proxyType = 1;
			remoteGlobalIDString = 137A2CCE2529F26E00E8E1CA;
			remoteInfo = "howyoudewin-front";
		};
/* End PBXContainerItemProxy section */

/* Begin PBXFileReference section */
		137A2CCF2529F26E00E8E1CA /* HowYouDewin?.app */ = {isa = PBXFileReference; explicitFileType = wrapper.application; includeInIndex = 0; path = "HowYouDewin?.app"; sourceTree = BUILT_PRODUCTS_DIR; };
		137A2CD22529F26E00E8E1CA /* AppDelegate.swift */ = {isa = PBXFileReference; lastKnownFileType = sourcecode.swift; path = AppDelegate.swift; sourceTree = "<group>"; };
		137A2CD42529F26E00E8E1CA /* SceneDelegate.swift */ = {isa = PBXFileReference; lastKnownFileType = sourcecode.swift; path = SceneDelegate.swift; sourceTree = "<group>"; };
		137A2CD62529F26E00E8E1CA /* ViewController.swift */ = {isa = PBXFileReference; lastKnownFileType = sourcecode.swift; path = ViewController.swift; sourceTree = "<group>"; };
		137A2CD92529F26E00E8E1CA /* Base */ = {isa = PBXFileReference; lastKnownFileType = file.storyboard; name = Base; path = Base.lproj/Main.storyboard; sourceTree = "<group>"; };
		137A2CDB2529F27C00E8E1CA /* Assets.xcassets */ = {isa = PBXFileReference; lastKnownFileType = folder.assetcatalog; path = Assets.xcassets; sourceTree = "<group>"; };
		137A2CDE2529F27C00E8E1CA /* Base */ = {isa = PBXFileReference; lastKnownFileType = file.storyboard; name = Base; path = Base.lproj/LaunchScreen.storyboard; sourceTree = "<group>"; };
		137A2CE02529F27C00E8E1CA /* Info.plist */ = {isa = PBXFileReference; lastKnownFileType = text.plist.xml; path = Info.plist; sourceTree = "<group>"; };
		137A2CE52529F27C00E8E1CA /* howyoudewin-frontTests.xctest */ = {isa = PBXFileReference; explicitFileType = wrapper.cfbundle; includeInIndex = 0; path = "howyoudewin-frontTests.xctest"; sourceTree = BUILT_PRODUCTS_DIR; };
		137A2CE92529F27C00E8E1CA /* howyoudewin_frontTests.swift */ = {isa = PBXFileReference; lastKnownFileType = sourcecode.swift; path = howyoudewin_frontTests.swift; sourceTree = "<group>"; };
		137A2CEB2529F27C00E8E1CA /* Info.plist */ = {isa = PBXFileReference; lastKnownFileType = text.plist.xml; path = Info.plist; sourceTree = "<group>"; };
		137A2CF02529F27C00E8E1CA /* howyoudewin-frontUITests.xctest */ = {isa = PBXFileReference; explicitFileType = wrapper.cfbundle; includeInIndex = 0; path = "howyoudewin-frontUITests.xctest"; sourceTree = BUILT_PRODUCTS_DIR; };
		137A2CF42529F27C00E8E1CA /* howyoudewin_frontUITests.swift */ = {isa = PBXFileReference; lastKnownFileType = sourcecode.swift; path = howyoudewin_frontUITests.swift; sourceTree = "<group>"; };
		137A2CF62529F27C00E8E1CA /* Info.plist */ = {isa = PBXFileReference; lastKnownFileType = text.plist.xml; path = Info.plist; sourceTree = "<group>"; };
/* End PBXFileReference section */

/* Begin PBXFrameworksBuildPhase section */
		137A2CCC2529F26E00E8E1CA /* Frameworks */ = {
			isa = PBXFrameworksBuildPhase;
			buildActionMask = 2147483647;
			files = (
			);
			runOnlyForDeploymentPostprocessing = 0;
		};
		137A2CE22529F27C00E8E1CA /* Frameworks */ = {
			isa = PBXFrameworksBuildPhase;
			buildActionMask = 2147483647;
			files = (
			);
			runOnlyForDeploymentPostprocessing = 0;
		};
		137A2CED2529F27C00E8E1CA /* Frameworks */ = {
			isa = PBXFrameworksBuildPhase;
			buildActionMask = 2147483647;
			files = (
			);
			runOnlyForDeploymentPostprocessing = 0;
		};
/* End PBXFrameworksBuildPhase section */

/* Begin PBXGroup section */
		137A2CC62529F26E00E8E1CA = {
			isa = PBXGroup;
			children = (
				137A2CD12529F26E00E8E1CA /* howyoudewin-front */,
				137A2CE82529F27C00E8E1CA /* howyoudewin-frontTests */,
				137A2CF32529F27C00E8E1CA /* howyoudewin-frontUITests */,
				137A2CD02529F26E00E8E1CA /* Products */,
			);
			sourceTree = "<group>";
		};
		137A2CD02529F26E00E8E1CA /* Products */ = {
			isa = PBXGroup;
			children = (
				137A2CCF2529F26E00E8E1CA /* HowYouDewin?.app */,
				137A2CE52529F27C00E8E1CA /* howyoudewin-frontTests.xctest */,
				137A2CF02529F27C00E8E1CA /* howyoudewin-frontUITests.xctest */,
			);
			name = Products;
			sourceTree = "<group>";
		};
		137A2CD12529F26E00E8E1CA /* howyoudewin-front */ = {
			isa = PBXGroup;
			children = (
				137A2CD22529F26E00E8E1CA /* AppDelegate.swift */,
				137A2CD42529F26E00E8E1CA /* SceneDelegate.swift */,
				137A2CD62529F26E00E8E1CA /* ViewController.swift */,
				137A2CD82529F26E00E8E1CA /* Main.storyboard */,
				137A2CDB2529F27C00E8E1CA /* Assets.xcassets */,
				137A2CDD2529F27C00E8E1CA /* LaunchScreen.storyboard */,
				137A2CE02529F27C00E8E1CA /* Info.plist */,
			);
			path = "howyoudewin-front";
			sourceTree = "<group>";
		};
		137A2CE82529F27C00E8E1CA /* howyoudewin-frontTests */ = {
			isa = PBXGroup;
			children = (
				137A2CE92529F27C00E8E1CA /* howyoudewin_frontTests.swift */,
				137A2CEB2529F27C00E8E1CA /* Info.plist */,
			);
			path = "howyoudewin-frontTests";
			sourceTree = "<group>";
		};
		137A2CF32529F27C00E8E1CA /* howyoudewin-frontUITests */ = {
			isa = PBXGroup;
			children = (
				137A2CF42529F27C00E8E1CA /* howyoudewin_frontUITests.swift */,
				137A2CF62529F27C00E8E1CA /* Info.plist */,
			);
			path = "howyoudewin-frontUITests";
			sourceTree = "<group>";
		};
/* End PBXGroup section */

/* Begin PBXNativeTarget section */
		137A2CCE2529F26E00E8E1CA /* howyoudewin-front */ = {
			isa = PBXNativeTarget;
			buildConfigurationList = 137A2CF92529F27C00E8E1CA /* Build configuration list for PBXNativeTarget "howyoudewin-front" */;
			buildPhases = (
				137A2CCB2529F26E00E8E1CA /* Sources */,
				137A2CCC2529F26E00E8E1CA /* Frameworks */,
				137A2CCD2529F26E00E8E1CA /* Resources */,
			);
			buildRules = (
			);
			dependencies = (
			);
			name = "howyoudewin-front";
			productName = "howyoudewin-front";
			productReference = 137A2CCF2529F26E00E8E1CA /* HowYouDewin?.app */;
			productType = "com.apple.product-type.application";
		};
		137A2CE42529F27C00E8E1CA /* howyoudewin-frontTests */ = {
			isa = PBXNativeTarget;
			buildConfigurationList = 137A2CFC2529F27C00E8E1CA /* Build configuration list for PBXNativeTarget "howyoudewin-frontTests" */;
			buildPhases = (
				137A2CE12529F27C00E8E1CA /* Sources */,
				137A2CE22529F27C00E8E1CA /* Frameworks */,
				137A2CE32529F27C00E8E1CA /* Resources */,
			);
			buildRules = (
			);
			dependencies = (
				137A2CE72529F27C00E8E1CA /* PBXTargetDependency */,
			);
			name = "howyoudewin-frontTests";
			productName = "howyoudewin-frontTests";
			productReference = 137A2CE52529F27C00E8E1CA /* howyoudewin-frontTests.xctest */;
			productType = "com.apple.product-type.bundle.unit-test";
		};
		137A2CEF2529F27C00E8E1CA /* howyoudewin-frontUITests */ = {
			isa = PBXNativeTarget;
			buildConfigurationList = 137A2CFF2529F27C00E8E1CA /* Build configuration list for PBXNativeTarget "howyoudewin-frontUITests" */;
			buildPhases = (
				137A2CEC2529F27C00E8E1CA /* Sources */,
				137A2CED2529F27C00E8E1CA /* Frameworks */,
				137A2CEE2529F27C00E8E1CA /* Resources */,
			);
			buildRules = (
			);
			dependencies = (
				137A2CF22529F27C00E8E1CA /* PBXTargetDependency */,
			);
			name = "howyoudewin-frontUITests";
			productName = "howyoudewin-frontUITests";
			productReference = 137A2CF02529F27C00E8E1CA /* howyoudewin-frontUITests.xctest */;
			productType = "com.apple.product-type.bundle.ui-testing";
		};
/* End PBXNativeTarget section */

/* Begin PBXProject section */
		137A2CC72529F26E00E8E1CA /* Project object */ = {
			isa = PBXProject;
			attributes = {
				LastSwiftUpdateCheck = 1200;
				LastUpgradeCheck = 1200;
				TargetAttributes = {
					137A2CCE2529F26E00E8E1CA = {
						CreatedOnToolsVersion = 12.0.1;
					};
					137A2CE42529F27C00E8E1CA = {
						CreatedOnToolsVersion = 12.0.1;
						TestTargetID = 137A2CCE2529F26E00E8E1CA;
					};
					137A2CEF2529F27C00E8E1CA = {
						CreatedOnToolsVersion = 12.0.1;
						TestTargetID = 137A2CCE2529F26E00E8E1CA;
					};
				};
			};
			buildConfigurationList = 137A2CCA2529F26E00E8E1CA /* Build configuration list for PBXProject "howyoudewin-front" */;
			compatibilityVersion = "Xcode 9.3";
			developmentRegion = en;
			hasScannedForEncodings = 0;
			knownRegions = (
				en,
				Base,
			);
			mainGroup = 137A2CC62529F26E00E8E1CA;
			productRefGroup = 137A2CD02529F26E00E8E1CA /* Products */;
			projectDirPath = "";
			projectRoot = "";
			targets = (
				137A2CCE2529F26E00E8E1CA /* howyoudewin-front */,
				137A2CE42529F27C00E8E1CA /* howyoudewin-frontTests */,
				137A2CEF2529F27C00E8E1CA /* howyoudewin-frontUITests */,
			);
		};
/* End PBXProject section */

/* Begin PBXResourcesBuildPhase section */
		137A2CCD2529F26E00E8E1CA /* Resources */ = {
			isa = PBXResourcesBuildPhase;
			buildActionMask = 2147483647;
			files = (
				137A2CDF2529F27C00E8E1CA /* LaunchScreen.storyboard in Resources */,
				137A2CDC2529F27C00E8E1CA /* Assets.xcassets in Resources */,
				137A2CDA2529F26E00E8E1CA /* Main.storyboard in Resources */,
			);
			runOnlyForDeploymentPostprocessing = 0;
		};
		137A2CE32529F27C00E8E1CA /* Resources */ = {
			isa = PBXResourcesBuildPhase;
			buildActionMask = 2147483647;
			files = (
			);
			runOnlyForDeploymentPostprocessing = 0;
		};
		137A2CEE2529F27C00E8E1CA /* Resources */ = {
			isa = PBXResourcesBuildPhase;
			buildActionMask = 2147483647;
			files = (
			);
			runOnlyForDeploymentPostprocessing = 0;
		};
/* End PBXResourcesBuildPhase section */

/* Begin PBXSourcesBuildPhase section */
		137A2CCB2529F26E00E8E1CA /* Sources */ = {
			isa = PBXSourcesBuildPhase;
			buildActionMask = 2147483647;
			files = (
				137A2CD72529F26E00E8E1CA /* ViewController.swift in Sources */,
				137A2CD32529F26E00E8E1CA /* AppDelegate.swift in Sources */,
				137A2CD52529F26E00E8E1CA /* SceneDelegate.swift in Sources */,
			);
			runOnlyForDeploymentPostprocessing = 0;
		};
		137A2CE12529F27C00E8E1CA /* Sources */ = {
			isa = PBXSourcesBuildPhase;
			buildActionMask = 2147483647;
			files = (
				137A2CEA2529F27C00E8E1CA /* howyoudewin_frontTests.swift in Sources */,
			);
			runOnlyForDeploymentPostprocessing = 0;
		};
		137A2CEC2529F27C00E8E1CA /* Sources */ = {
			isa = PBXSourcesBuildPhase;
			buildActionMask = 2147483647;
			files = (
				137A2CF52529F27C00E8E1CA /* howyoudewin_frontUITests.swift in Sources */,
			);
			runOnlyForDeploymentPostprocessing = 0;
		};
/* End PBXSourcesBuildPhase section */

/* Begin PBXTargetDependency section */
		137A2CE72529F27C00E8E1CA /* PBXTargetDependency */ = {
			isa = PBXTargetDependency;
			target = 137A2CCE2529F26E00E8E1CA /* howyoudewin-front */;
			targetProxy = 137A2CE62529F27C00E8E1CA /* PBXContainerItemProxy */;
		};
		137A2CF22529F27C00E8E1CA /* PBXTargetDependency */ = {
			isa = PBXTargetDependency;
			target = 137A2CCE2529F26E00E8E1CA /* howyoudewin-front */;
			targetProxy = 137A2CF12529F27C00E8E1CA /* PBXContainerItemProxy */;
		};
/* End PBXTargetDependency section */

/* Begin PBXVariantGroup section */
		137A2CD82529F26E00E8E1CA /* Main.storyboard */ = {
			isa = PBXVariantGroup;
			children = (
				137A2CD92529F26E00E8E1CA /* Base */,
			);
			name = Main.storyboard;
			sourceTree = "<group>";
		};
		137A2CDD2529F27C00E8E1CA /* LaunchScreen.storyboard */ = {
			isa = PBXVariantGroup;
			children = (
				137A2CDE2529F27C00E8E1CA /* Base */,
			);
			name = LaunchScreen.storyboard;
			sourceTree = "<group>";
		};
/* End PBXVariantGroup section */

/* Begin XCBuildConfiguration section */
		137A2CF72529F27C00E8E1CA /* Debug */ = {
			isa = XCBuildConfiguration;
			buildSettings = {
				ALWAYS_SEARCH_USER_PATHS = NO;
				CLANG_ANALYZER_NONNULL = YES;
				CLANG_ANALYZER_NUMBER_OBJECT_CONVERSION = YES_AGGRESSIVE;
				CLANG_CXX_LANGUAGE_STANDARD = "gnu++14";
				CLANG_CXX_LIBRARY = "libc++";
				CLANG_ENABLE_MODULES = YES;
				CLANG_ENABLE_OBJC_ARC = YES;
				CLANG_ENABLE_OBJC_WEAK = YES;
				CLANG_WARN_BLOCK_CAPTURE_AUTORELEASING = YES;
				CLANG_WARN_BOOL_CONVERSION = YES;
				CLANG_WARN_COMMA = YES;
				CLANG_WARN_CONSTANT_CONVERSION = YES;
				CLANG_WARN_DEPRECATED_OBJC_IMPLEMENTATIONS = YES;
				CLANG_WARN_DIRECT_OBJC_ISA_USAGE = YES_ERROR;
				CLANG_WARN_DOCUMENTATION_COMMENTS = YES;
				CLANG_WARN_EMPTY_BODY = YES;
				CLANG_WARN_ENUM_CONVERSION = YES;
				CLANG_WARN_INFINITE_RECURSION = YES;
				CLANG_WARN_INT_CONVERSION = YES;
				CLANG_WARN_NON_LITERAL_NULL_CONVERSION = YES;
				CLANG_WARN_OBJC_IMPLICIT_RETAIN_SELF = YES;
				CLANG_WARN_OBJC_LITERAL_CONVERSION = YES;
				CLANG_WARN_OBJC_ROOT_CLASS = YES_ERROR;
				CLANG_WARN_QUOTED_INCLUDE_IN_FRAMEWORK_HEADER = YES;
				CLANG_WARN_RANGE_LOOP_ANALYSIS = YES;
				CLANG_WARN_STRICT_PROTOTYPES = YES;
				CLANG_WARN_SUSPICIOUS_MOVE = YES;
				CLANG_WARN_UNGUARDED_AVAILABILITY = YES_AGGRESSIVE;
				CLANG_WARN_UNREACHABLE_CODE = YES;
				CLANG_WARN__DUPLICATE_METHOD_MATCH = YES;
				COPY_PHASE_STRIP = NO;
				DEBUG_INFORMATION_FORMAT = dwarf;
				ENABLE_STRICT_OBJC_MSGSEND = YES;
				ENABLE_TESTABILITY = YES;
				GCC_C_LANGUAGE_STANDARD = gnu11;
				GCC_DYNAMIC_NO_PIC = NO;
				GCC_NO_COMMON_BLOCKS = YES;
				GCC_OPTIMIZATION_LEVEL = 0;
				GCC_PREPROCESSOR_DEFINITIONS = (
					"DEBUG=1",
					"$(inherited)",
				);
				GCC_WARN_64_TO_32_BIT_CONVERSION = YES;
				GCC_WARN_ABOUT_RETURN_TYPE = YES_ERROR;
				GCC_WARN_UNDECLARED_SELECTOR = YES;
				GCC_WARN_UNINITIALIZED_AUTOS = YES_AGGRESSIVE;
				GCC_WARN_UNUSED_FUNCTION = YES;
				GCC_WARN_UNUSED_VARIABLE = YES;
				IPHONEOS_DEPLOYMENT_TARGET = 14.0;
				MTL_ENABLE_DEBUG_INFO = INCLUDE_SOURCE;
				MTL_FAST_MATH = YES;
				ONLY_ACTIVE_ARCH = YES;
				SDKROOT = iphoneos;
				SWIFT_ACTIVE_COMPILATION_CONDITIONS = DEBUG;
				SWIFT_OPTIMIZATION_LEVEL = "-Onone";
			};
			name = Debug;
		};
		137A2CF82529F27C00E8E1CA /* Release */ = {
			isa = XCBuildConfiguration;
			buildSettings = {
				ALWAYS_SEARCH_USER_PATHS = NO;
				CLANG_ANALYZER_NONNULL = YES;
				CLANG_ANALYZER_NUMBER_OBJECT_CONVERSION = YES_AGGRESSIVE;
				CLANG_CXX_LANGUAGE_STANDARD = "gnu++14";
				CLANG_CXX_LIBRARY = "libc++";
				CLANG_ENABLE_MODULES = YES;
				CLANG_ENABLE_OBJC_ARC = YES;
				CLANG_ENABLE_OBJC_WEAK = YES;
				CLANG_WARN_BLOCK_CAPTURE_AUTORELEASING = YES;
				CLANG_WARN_BOOL_CONVERSION = YES;
				CLANG_WARN_COMMA = YES;
				CLANG_WARN_CONSTANT_CONVERSION = YES;
				CLANG_WARN_DEPRECATED_OBJC_IMPLEMENTATIONS = YES;
				CLANG_WARN_DIRECT_OBJC_ISA_USAGE = YES_ERROR;
				CLANG_WARN_DOCUMENTATION_COMMENTS = YES;
				CLANG_WARN_EMPTY_BODY = YES;
				CLANG_WARN_ENUM_CONVERSION = YES;
				CLANG_WARN_INFINITE_RECURSION = YES;
				CLANG_WARN_INT_CONVERSION = YES;
				CLANG_WARN_NON_LITERAL_NULL_CONVERSION = YES;
				CLANG_WARN_OBJC_IMPLICIT_RETAIN_SELF = YES;
				CLANG_WARN_OBJC_LITERAL_CONVERSION = YES;
				CLANG_WARN_OBJC_ROOT_CLASS = YES_ERROR;
				CLANG_WARN_QUOTED_INCLUDE_IN_FRAMEWORK_HEADER = YES;
				CLANG_WARN_RANGE_LOOP_ANALYSIS = YES;
				CLANG_WARN_STRICT_PROTOTYPES = YES;
				CLANG_WARN_SUSPICIOUS_MOVE = YES;
				CLANG_WARN_UNGUARDED_AVAILABILITY = YES_AGGRESSIVE;
				CLANG_WARN_UNREACHABLE_CODE = YES;
				CLANG_WARN__DUPLICATE_METHOD_MATCH = YES;
				COPY_PHASE_STRIP = NO;
				DEBUG_INFORMATION_FORMAT = "dwarf-with-dsym";
				ENABLE_NS_ASSERTIONS = NO;
				ENABLE_STRICT_OBJC_MSGSEND = YES;
				GCC_C_LANGUAGE_STANDARD = gnu11;
				GCC_NO_COMMON_BLOCKS = YES;
				GCC_WARN_64_TO_32_BIT_CONVERSION = YES;
				GCC_WARN_ABOUT_RETURN_TYPE = YES_ERROR;
				GCC_WARN_UNDECLARED_SELECTOR = YES;
				GCC_WARN_UNINITIALIZED_AUTOS = YES_AGGRESSIVE;
				GCC_WARN_UNUSED_FUNCTION = YES;
				GCC_WARN_UNUSED_VARIABLE = YES;
				IPHONEOS_DEPLOYMENT_TARGET = 14.0;
				MTL_ENABLE_DEBUG_INFO = NO;
				MTL_FAST_MATH = YES;
				SDKROOT = iphoneos;
				SWIFT_COMPILATION_MODE = wholemodule;
				SWIFT_OPTIMIZATION_LEVEL = "-O";
				VALIDATE_PRODUCT = YES;
			};
			name = Release;
		};
		137A2CFA2529F27C00E8E1CA /* Debug */ = {
			isa = XCBuildConfiguration;
			buildSettings = {
				ASSETCATALOG_COMPILER_APPICON_NAME = AppIcon;
				ASSETCATALOG_COMPILER_GLOBAL_ACCENT_COLOR_NAME = AccentColor;
				CODE_SIGN_STYLE = Automatic;
				DEVELOPMENT_TEAM = 5QWTCYHHRF;
				INFOPLIST_FILE = "howyoudewin-front/Info.plist";
				LD_RUNPATH_SEARCH_PATHS = (
					"$(inherited)",
					"@executable_path/Frameworks",
				);
				PRODUCT_BUNDLE_IDENTIFIER = "com.kiefer.howyoudewin-front";
				PRODUCT_NAME = "HowYouDewin?";
				SWIFT_VERSION = 5.0;
				TARGETED_DEVICE_FAMILY = "1,2";
			};
			name = Debug;
		};
		137A2CFB2529F27C00E8E1CA /* Release */ = {
			isa = XCBuildConfiguration;
			buildSettings = {
				ASSETCATALOG_COMPILER_APPICON_NAME = AppIcon;
				ASSETCATALOG_COMPILER_GLOBAL_ACCENT_COLOR_NAME = AccentColor;
				CODE_SIGN_STYLE = Automatic;
				DEVELOPMENT_TEAM = 5QWTCYHHRF;
				INFOPLIST_FILE = "howyoudewin-front/Info.plist";
				LD_RUNPATH_SEARCH_PATHS = (
					"$(inherited)",
					"@executable_path/Frameworks",
				);
				PRODUCT_BUNDLE_IDENTIFIER = "com.kiefer.howyoudewin-front";
				PRODUCT_NAME = "HowYouDewin?";
				SWIFT_VERSION = 5.0;
				TARGETED_DEVICE_FAMILY = "1,2";
			};
			name = Release;
		};
		137A2CFD2529F27C00E8E1CA /* Debug */ = {
			isa = XCBuildConfiguration;
			buildSettings = {
				ALWAYS_EMBED_SWIFT_STANDARD_LIBRARIES = YES;
				BUNDLE_LOADER = "$(TEST_HOST)";
				CODE_SIGN_STYLE = Automatic;
				DEVELOPMENT_TEAM = 5QWTCYHHRF;
				INFOPLIST_FILE = "howyoudewin-frontTests/Info.plist";
				IPHONEOS_DEPLOYMENT_TARGET = 14.0;
				LD_RUNPATH_SEARCH_PATHS = (
					"$(inherited)",
					"@executable_path/Frameworks",
					"@loader_path/Frameworks",
				);
				PRODUCT_BUNDLE_IDENTIFIER = "com.kiefer.howyoudewin-frontTests";
				PRODUCT_NAME = "$(TARGET_NAME)";
				SWIFT_VERSION = 5.0;
				TARGETED_DEVICE_FAMILY = "1,2";
				TEST_HOST = "$(BUILT_PRODUCTS_DIR)/howyoudewin-front.app/howyoudewin-front";
			};
			name = Debug;
		};
		137A2CFE2529F27C00E8E1CA /* Release */ = {
			isa = XCBuildConfiguration;
			buildSettings = {
				ALWAYS_EMBED_SWIFT_STANDARD_LIBRARIES = YES;
				BUNDLE_LOADER = "$(TEST_HOST)";
				CODE_SIGN_STYLE = Automatic;
				DEVELOPMENT_TEAM = 5QWTCYHHRF;
				INFOPLIST_FILE = "howyoudewin-frontTests/Info.plist";
				IPHONEOS_DEPLOYMENT_TARGET = 14.0;
				LD_RUNPATH_SEARCH_PATHS = (
					"$(inherited)",
					"@executable_path/Frameworks",
					"@loader_path/Frameworks",
				);
				PRODUCT_BUNDLE_IDENTIFIER = "com.kiefer.howyoudewin-frontTests";
				PRODUCT_NAME = "$(TARGET_NAME)";
				SWIFT_VERSION = 5.0;
				TARGETED_DEVICE_FAMILY = "1,2";
				TEST_HOST = "$(BUILT_PRODUCTS_DIR)/howyoudewin-front.app/howyoudewin-front";
			};
			name = Release;
		};
		137A2D002529F27C00E8E1CA /* Debug */ = {
			isa = XCBuildConfiguration;
			buildSettings = {
				ALWAYS_EMBED_SWIFT_STANDARD_LIBRARIES = YES;
				CODE_SIGN_STYLE = Automatic;
				DEVELOPMENT_TEAM = 5QWTCYHHRF;
				INFOPLIST_FILE = "howyoudewin-frontUITests/Info.plist";
				LD_RUNPATH_SEARCH_PATHS = (
					"$(inherited)",
					"@executable_path/Frameworks",
					"@loader_path/Frameworks",
				);
				PRODUCT_BUNDLE_IDENTIFIER = "com.kiefer.howyoudewin-frontUITests";
				PRODUCT_NAME = "$(TARGET_NAME)";
				SWIFT_VERSION = 5.0;
				TARGETED_DEVICE_FAMILY = "1,2";
				TEST_TARGET_NAME = "howyoudewin-front";
			};
			name = Debug;
		};
		137A2D012529F27C00E8E1CA /* Release */ = {
			isa = XCBuildConfiguration;
			buildSettings = {
				ALWAYS_EMBED_SWIFT_STANDARD_LIBRARIES = YES;
				CODE_SIGN_STYLE = Automatic;
				DEVELOPMENT_TEAM = 5QWTCYHHRF;
				INFOPLIST_FILE = "howyoudewin-frontUITests/Info.plist";
				LD_RUNPATH_SEARCH_PATHS = (
					"$(inherited)",
					"@executable_path/Frameworks",
					"@loader_path/Frameworks",
				);
				PRODUCT_BUNDLE_IDENTIFIER = "com.kiefer.howyoudewin-frontUITests";
				PRODUCT_NAME = "$(TARGET_NAME)";
				SWIFT_VERSION = 5.0;
				TARGETED_DEVICE_FAMILY = "1,2";
				TEST_TARGET_NAME = "howyoudewin-front";
			};
			name = Release;
		};
/* End XCBuildConfiguration section */

/* Begin XCConfigurationList section */
		137A2CCA2529F26E00E8E1CA /* Build configuration list for PBXProject "howyoudewin-front" */ = {
			isa = XCConfigurationList;
			buildConfigurations = (
				137A2CF72529F27C00E8E1CA /* Debug */,
				137A2CF82529F27C00E8E1CA /* Release */,
			);
			defaultConfigurationIsVisible = 0;
			defaultConfigurationName = Release;
		};
		137A2CF92529F27C00E8E1CA /* Build configuration list for PBXNativeTarget "howyoudewin-front" */ = {
			isa = XCConfigurationList;
			buildConfigurations = (
				137A2CFA2529F27C00E8E1CA /* Debug */,
				137A2CFB2529F27C00E8E1CA /* Release */,
			);
			defaultConfigurationIsVisible = 0;
			defaultConfigurationName = Release;
		};
		137A2CFC2529F27C00E8E1CA /* Build configuration list for PBXNativeTarget "howyoudewin-frontTests" */ = {
			isa = XCConfigurationList;
			buildConfigurations = (
				137A2CFD2529F27C00E8E1CA /* Debug */,
				137A2CFE2529F27C00E8E1CA /* Release */,
			);
			defaultConfigurationIsVisible = 0;
			defaultConfigurationName = Release;
		};
		137A2CFF2529F27C00E8E1CA /* Build configuration list for PBXNativeTarget "howyoudewin-frontUITests" */ = {
			isa = XCConfigurationList;
			buildConfigurations = (
				137A2D002529F27C00E8E1CA /* Debug */,
				137A2D012529F27C00E8E1CA /* Release */,
			);
			defaultConfigurationIsVisible = 0;
			defaultConfigurationName = Release;
		};
/* End XCConfigurationList section */
	};
	rootObject = 137A2CC72529F26E00E8E1CA /* Project object */;
}
